
Microsoft Visual Studio Solution File, Format Version 12.00
# Visual Studio Version 16
VisualStudioVersion = 16.0.33328.57
MinimumVisualStudioVersion = 10.0.40219.1
Project("{FAE04EC0-301F-11D3-BF4B-00C04F79EFBC}") = "bookMS", "bookMS.csproj", "{771B938C-30A4-4BD4-A010-2B3FA10621BC}"
EndProject
Global
	GlobalSection(SolutionConfigurationPlatforms) = preSolution
		Debug|Any CPU = Debug|Any CPU
		Release|Any CPU = Release|Any CPU
	EndGlobalSection
	GlobalSection(ProjectConfigurationPlatforms) = postSolution
		{771B938C-30A4-4BD4-A010-2B3FA10621BC}.Debug|Any CPU.ActiveCfg = Debug|Any CPU
		{771B938C-30A4-4BD4-A010-2B3FA10621BC}.Debug|Any CPU.Build.0 = Debug|Any CPU
		{771B938C-30A4-4BD4-A010-2B3FA10621BC}.Release|Any CPU.ActiveCfg = Release|Any CPU
		{771B938C-30A4-4BD4-A010-2B3FA10621BC}.Release|Any CPU.Build.0 = Release|Any CPU
	EndGlobalSection
	GlobalSection(SolutionProperties) = preSolution
		HideSolutionNode = FALSE
	EndGlobalSection
	GlobalSection(ExtensibilityGlobals) = postSolution
		SolutionGuid = {C2525250-F8E7-435C-921C-7E8F1A4D9790}
	EndGlobalSection
EndGlobal
